
Microsoft Visual Studio Solution File, Format Version 12.00
# Visual Studio Version 16
VisualStudioVersion = 16.0.29905.134
MinimumVisualStudioVersion = 10.0.40219.1
Project("{FAE04EC0-301F-11D3-BF4B-00C04F79EFBC}") = "School", "School\School.csproj", "{2CE42CB4-FEAC-483F-A10C-E81421CA7204}"
EndProject
Global
	GlobalSection(SolutionConfigurationPlatforms) = preSolution
		Debug|Any CPU = Debug|Any CPU
		Release|Any CPU = Release|Any CPU
	EndGlobalSection
	GlobalSection(ProjectConfigurationPlatforms) = postSolution
		{2CE42CB4-FEAC-483F-A10C-E81421CA7204}.Debug|Any CPU.ActiveCfg = Debug|Any CPU
		{2CE42CB4-FEAC-483F-A10C-E81421CA7204}.Debug|Any CPU.Build.0 = Debug|Any CPU
		{2CE42CB4-FEAC-483F-A10C-E81421CA7204}.Release|Any CPU.ActiveCfg = Release|Any CPU
		{2CE42CB4-FEAC-483F-A10C-E81421CA7204}.Release|Any CPU.Build.0 = Release|Any CPU
	EndGlobalSection
	GlobalSection(SolutionProperties) = preSolution
		HideSolutionNode = FALSE
	EndGlobalSection
	GlobalSection(ExtensibilityGlobals) = postSolution
		SolutionGuid = {5896C78A-9018-4C7F-A8E6-0C040C5C266F}
	EndGlobalSection
EndGlobal
